Microsoft Visual Studio Solution File, Format Version 12.00
# Visual Studio Version 17
VisualStudioVersion = 17.5.2.0
MinimumVisualStudioVersion = 10.0.40219.1
Project("{2150E333-8FDC-42A3-9474-1A3956D46DE8}") = "game-web-api-dotnet", "game-web-api-dotnet", "{BE7F0425-6C70-EDFF-7894-CEF20E5F8AC2}"
EndProject
Project("{FAE04EC0-301F-11D3-BF4B-00C04F79EFBC}") = "GameBackend", "game-web-api-dotnet\GameBackend\GameBackend.csproj", "{AB8344F7-96FF-8A28-75CB-072D8A12889B}"
EndProject
Global
	GlobalSection(SolutionConfigurationPlatforms) = preSolution
		Debug|Any CPU = Debug|Any CPU
		Release|Any CPU = Release|Any CPU
	EndGlobalSection
	GlobalSection(ProjectConfigurationPlatforms) = postSolution
		{AB8344F7-96FF-8A28-75CB-072D8A12889B}.Debug|Any CPU.ActiveCfg = Debug|Any CPU
		{AB8344F7-96FF-8A28-75CB-072D8A12889B}.Debug|Any CPU.Build.0 = Debug|Any CPU
		{AB8344F7-96FF-8A28-75CB-072D8A12889B}.Release|Any CPU.ActiveCfg = Release|Any CPU
		{AB8344F7-96FF-8A28-75CB-072D8A12889B}.Release|Any CPU.Build.0 = Release|Any CPU
	EndGlobalSection
	GlobalSection(SolutionProperties) = preSolution
		HideSolutionNode = FALSE
	EndGlobalSection
	GlobalSection(NestedProjects) = preSolution
		{AB8344F7-96FF-8A28-75CB-072D8A12889B} = {BE7F0425-6C70-EDFF-7894-CEF20E5F8AC2}
	EndGlobalSection
	GlobalSection(ExtensibilityGlobals) = postSolution
		SolutionGuid = {36F357B0-8BED-47E7-8D2B-54DD23995E3D}
	EndGlobalSection
EndGlobal
